// !$*UTF8*$!
{
	archiveVersion = 1;
	classes = {
	};
	objectVersion = 48;
	objects = {

/* Begin PBXBuildFile section */
		217B7B5A2048296E00BFE6C7 /* AppDelegate.swift in Sources */ = {isa = PBXBuildFile; fileRef = 217B7B592048296E00BFE6C7 /* AppDelegate.swift */; };
		217B7B5C2048296E00BFE6C7 /* ViewController.swift in Sources */ = {isa = PBXBuildFile; fileRef = 217B7B5B2048296E00BFE6C7 /* ViewController.swift */; };
		217B7B5F2048296E00BFE6C7 /* Main.storyboard in Resources */ = {isa = PBXBuildFile; fileRef = 217B7B5D2048296E00BFE6C7 /* Main.storyboard */; };
		217B7B612048296E00BFE6C7 /* Assets.xcassets in Resources */ = {isa = PBXBuildFile; fileRef = 217B7B602048296E00BFE6C7 /* Assets.xcassets */; };
		217B7B642048296E00BFE6C7 /* LaunchScreen.storyboard in Resources */ = {isa = PBXBuildFile; fileRef = 217B7B622048296E00BFE6C7 /* LaunchScreen.storyboard */; };
		217B7B6F2048296E00BFE6C7 /* GeoSampleTests.swift in Sources */ = {isa = PBXBuildFile; fileRef = 217B7B6E2048296E00BFE6C7 /* GeoSampleTests.swift */; };
		217B7B7A2048296E00BFE6C7 /* GeoSampleUITests.swift in Sources */ = {isa = PBXBuildFile; fileRef = 217B7B792048296E00BFE6C7 /* GeoSampleUITests.swift */; };
/* End PBXBuildFile section */

/* Begin PBXContainerItemProxy section */
		217B7B6B2048296E00BFE6C7 /* PBXContainerItemProxy */ = {
			isa = PBXContainerItemProxy;
			containerPortal = 217B7B4E2048296E00BFE6C7 /* Project object */;
			proxyType = 1;
			remoteGlobalIDString = 217B7B552048296E00BFE6C7;
			remoteInfo = GeoSample;
		};
		217B7B762048296E00BFE6C7 /* PBXContainerItemProxy */ = {
			isa = PBXContainerItemProxy;
			containerPortal = 217B7B4E2048296E00BFE6C7 /* Project object */;
			proxyType = 1;
			remoteGlobalIDString = 217B7B552048296E00BFE6C7;
			remoteInfo = GeoSample;
		};
/* End PBXContainerItemProxy section */

/* Begin PBXFileReference section */
		217B7B562048296E00BFE6C7 /* GeoSample.app */ = {isa = PBXFileReference; explicitFileType = wrapper.application; includeInIndex = 0; path = GeoSample.app; sourceTree = BUILT_PRODUCTS_DIR; };
		217B7B592048296E00BFE6C7 /* AppDelegate.swift */ = {isa = PBXFileReference; lastKnownFileType = sourcecode.swift; path = AppDelegate.swift; sourceTree = "<group>"; };
		217B7B5B2048296E00BFE6C7 /* ViewController.swift */ = {isa = PBXFileReference; lastKnownFileType = sourcecode.swift; path = ViewController.swift; sourceTree = "<group>"; };
		217B7B5E2048296E00BFE6C7 /* Base */ = {isa = PBXFileReference; lastKnownFileType = file.storyboard; name = Base; path = Base.lproj/Main.storyboard; sourceTree = "<group>"; };
		217B7B602048296E00BFE6C7 /* Assets.xcassets */ = {isa = PBXFileReference; lastKnownFileType = folder.assetcatalog; path = Assets.xcassets; sourceTree = "<group>"; };
		217B7B632048296E00BFE6C7 /* Base */ = {isa = PBXFileReference; lastKnownFileType = file.storyboard; name = Base; path = Base.lproj/LaunchScreen.storyboard; sourceTree = "<group>"; };
		217B7B652048296E00BFE6C7 /* Info.plist */ = {isa = PBXFileReference; lastKnownFileType = text.plist.xml; path = Info.plist; sourceTree = "<group>"; };
		217B7B6A2048296E00BFE6C7 /* GeoSampleTests.xctest */ = {isa = PBXFileReference; explicitFileType = wrapper.cfbundle; includeInIndex = 0; path = GeoSampleTests.xctest; sourceTree = BUILT_PRODUCTS_DIR; };
		217B7B6E2048296E00BFE6C7 /* GeoSampleTests.swift */ = {isa = PBXFileReference; lastKnownFileType = sourcecode.swift; path = GeoSampleTests.swift; sourceTree = "<group>"; };
		217B7B702048296E00BFE6C7 /* Info.plist */ = {isa = PBXFileReference; lastKnownFileType = text.plist.xml; path = Info.plist; sourceTree = "<group>"; };
		217B7B752048296E00BFE6C7 /* GeoSampleUITests.xctest */ = {isa = PBXFileReference; explicitFileType = wrapper.cfbundle; includeInIndex = 0; path = GeoSampleUITests.xctest; sourceTree = BUILT_PRODUCTS_DIR; };
		217B7B792048296E00BFE6C7 /* GeoSampleUITests.swift */ = {isa = PBXFileReference; lastKnownFileType = sourcecode.swift; path = GeoSampleUITests.swift; sourceTree = "<group>"; };
		217B7B7B2048296E00BFE6C7 /* Info.plist */ = {isa = PBXFileReference; lastKnownFileType = text.plist.xml; path = Info.plist; sourceTree = "<group>"; };
/* End PBXFileReference section */

/* Begin PBXFrameworksBuildPhase section */
		217B7B532048296E00BFE6C7 /* Frameworks */ = {
			isa = PBXFrameworksBuildPhase;
			buildActionMask = 2147483647;
			files = (
			);
			runOnlyForDeploymentPostprocessing = 0;
		};
		217B7B672048296E00BFE6C7 /* Frameworks */ = {
			isa = PBXFrameworksBuildPhase;
			buildActionMask = 2147483647;
			files = (
			);
			runOnlyForDeploymentPostprocessing = 0;
		};
		217B7B722048296E00BFE6C7 /* Frameworks */ = {
			isa = PBXFrameworksBuildPhase;
			buildActionMask = 2147483647;
			files = (
			);
			runOnlyForDeploymentPostprocessing = 0;
		};
/* End PBXFrameworksBuildPhase section */

/* Begin PBXGroup section */
		217B7B4D2048296E00BFE6C7 = {
			isa = PBXGroup;
			children = (
				217B7B582048296E00BFE6C7 /* GeoSample */,
				217B7B6D2048296E00BFE6C7 /* GeoSampleTests */,
				217B7B782048296E00BFE6C7 /* GeoSampleUITests */,
				217B7B572048296E00BFE6C7 /* Products */,
			);
			sourceTree = "<group>";
		};
		217B7B572048296E00BFE6C7 /* Products */ = {
			isa = PBXGroup;
			children = (
				217B7B562048296E00BFE6C7 /* GeoSample.app */,
				217B7B6A2048296E00BFE6C7 /* GeoSampleTests.xctest */,
				217B7B752048296E00BFE6C7 /* GeoSampleUITests.xctest */,
			);
			name = Products;
			sourceTree = "<group>";
		};
		217B7B582048296E00BFE6C7 /* GeoSample */ = {
			isa = PBXGroup;
			children = (
				217B7B592048296E00BFE6C7 /* AppDelegate.swift */,
				217B7B5B2048296E00BFE6C7 /* ViewController.swift */,
				217B7B5D2048296E00BFE6C7 /* Main.storyboard */,
				217B7B602048296E00BFE6C7 /* Assets.xcassets */,
				217B7B622048296E00BFE6C7 /* LaunchScreen.storyboard */,
				217B7B652048296E00BFE6C7 /* Info.plist */,
			);
			path = GeoSample;
			sourceTree = "<group>";
		};
		217B7B6D2048296E00BFE6C7 /* GeoSampleTests */ = {
			isa = PBXGroup;
			children = (
				217B7B6E2048296E00BFE6C7 /* GeoSampleTests.swift */,
				217B7B702048296E00BFE6C7 /* Info.plist */,
			);
			path = GeoSampleTests;
			sourceTree = "<group>";
		};
		217B7B782048296E00BFE6C7 /* GeoSampleUITests */ = {
			isa = PBXGroup;
			children = (
				217B7B792048296E00BFE6C7 /* GeoSampleUITests.swift */,
				217B7B7B2048296E00BFE6C7 /* Info.plist */,
			);
			path = GeoSampleUITests;
			sourceTree = "<group>";
		};
/* End PBXGroup section */

/* Begin PBXNativeTarget section */
		217B7B552048296E00BFE6C7 /* GeoSample */ = {
			isa = PBXNativeTarget;
			buildConfigurationList = 217B7B7E2048296E00BFE6C7 /* Build configuration list for PBXNativeTarget "GeoSample" */;
			buildPhases = (
				217B7B522048296E00BFE6C7 /* Sources */,
				217B7B532048296E00BFE6C7 /* Frameworks */,
				217B7B542048296E00BFE6C7 /* Resources */,
			);
			buildRules = (
			);
			dependencies = (
			);
			name = GeoSample;
			productName = GeoSample;
			productReference = 217B7B562048296E00BFE6C7 /* GeoSample.app */;
			productType = "com.apple.product-type.application";
		};
		217B7B692048296E00BFE6C7 /* GeoSampleTests */ = {
			isa = PBXNativeTarget;
			buildConfigurationList = 217B7B812048296E00BFE6C7 /* Build configuration list for PBXNativeTarget "GeoSampleTests" */;
			buildPhases = (
				217B7B662048296E00BFE6C7 /* Sources */,
				217B7B672048296E00BFE6C7 /* Frameworks */,
				217B7B682048296E00BFE6C7 /* Resources */,
			);
			buildRules = (
			);
			dependencies = (
				217B7B6C2048296E00BFE6C7 /* PBXTargetDependency */,
			);
			name = GeoSampleTests;
			productName = GeoSampleTests;
			productReference = 217B7B6A2048296E00BFE6C7 /* GeoSampleTests.xctest */;
			productType = "com.apple.product-type.bundle.unit-test";
		};
		217B7B742048296E00BFE6C7 /* GeoSampleUITests */ = {
			isa = PBXNativeTarget;
			buildConfigurationList = 217B7B842048296E00BFE6C7 /* Build configuration list for PBXNativeTarget "GeoSampleUITests" */;
			buildPhases = (
				217B7B712048296E00BFE6C7 /* Sources */,
				217B7B722048296E00BFE6C7 /* Frameworks */,
				217B7B732048296E00BFE6C7 /* Resources */,
			);
			buildRules = (
			);
			dependencies = (
				217B7B772048296E00BFE6C7 /* PBXTargetDependency */,
			);
			name = GeoSampleUITests;
			productName = GeoSampleUITests;
			productReference = 217B7B752048296E00BFE6C7 /* GeoSampleUITests.xctest */;
			productType = "com.apple.product-type.bundle.ui-testing";
		};
/* End PBXNativeTarget section */

/* Begin PBXProject section */
		217B7B4E2048296E00BFE6C7 /* Project object */ = {
			isa = PBXProject;
			attributes = {
				LastSwiftUpdateCheck = 0900;
				LastUpgradeCheck = 0900;
				ORGANIZATIONNAME = "Keisuke Okamoto";
				TargetAttributes = {
					217B7B552048296E00BFE6C7 = {
						CreatedOnToolsVersion = 9.0;
						ProvisioningStyle = Automatic;
					};
					217B7B692048296E00BFE6C7 = {
						CreatedOnToolsVersion = 9.0;
						ProvisioningStyle = Automatic;
						TestTargetID = 217B7B552048296E00BFE6C7;
					};
					217B7B742048296E00BFE6C7 = {
						CreatedOnToolsVersion = 9.0;
						ProvisioningStyle = Automatic;
						TestTargetID = 217B7B552048296E00BFE6C7;
					};
				};
			};
			buildConfigurationList = 217B7B512048296E00BFE6C7 /* Build configuration list for PBXProject "GeoSample" */;
			compatibilityVersion = "Xcode 8.0";
			developmentRegion = en;
			hasScannedForEncodings = 0;
			knownRegions = (
				en,
				Base,
			);
			mainGroup = 217B7B4D2048296E00BFE6C7;
			productRefGroup = 217B7B572048296E00BFE6C7 /* Products */;
			projectDirPath = "";
			projectRoot = "";
			targets = (
				217B7B552048296E00BFE6C7 /* GeoSample */,
				217B7B692048296E00BFE6C7 /* GeoSampleTests */,
				217B7B742048296E00BFE6C7 /* GeoSampleUITests */,
			);
		};
/* End PBXProject section */

/* Begin PBXResourcesBuildPhase section */
		217B7B542048296E00BFE6C7 /* Resources */ = {
			isa = PBXResourcesBuildPhase;
			buildActionMask = 2147483647;
			files = (
				217B7B642048296E00BFE6C7 /* LaunchScreen.storyboard in Resources */,
				217B7B612048296E00BFE6C7 /* Assets.xcassets in Resources */,
				217B7B5F2048296E00BFE6C7 /* Main.storyboard in Resources */,
			);
			runOnlyForDeploymentPostprocessing = 0;
		};
		217B7B682048296E00BFE6C7 /* Resources */ = {
			isa = PBXResourcesBuildPhase;
			buildActionMask = 2147483647;
			files = (
			);
			runOnlyForDeploymentPostprocessing = 0;
		};
		217B7B732048296E00BFE6C7 /* Resources */ = {
			isa = PBXResourcesBuildPhase;
			buildActionMask = 2147483647;
			files = (
			);
			runOnlyForDeploymentPostprocessing = 0;
		};
/* End PBXResourcesBuildPhase section */

/* Begin PBXSourcesBuildPhase section */
		217B7B522048296E00BFE6C7 /* Sources */ = {
			isa = PBXSourcesBuildPhase;
			buildActionMask = 2147483647;
			files = (
				217B7B5C2048296E00BFE6C7 /* ViewController.swift in Sources */,
				217B7B5A2048296E00BFE6C7 /* AppDelegate.swift in Sources */,
			);
			runOnlyForDeploymentPostprocessing = 0;
		};
		217B7B662048296E00BFE6C7 /* Sources */ = {
			isa = PBXSourcesBuildPhase;
			buildActionMask = 2147483647;
			files = (
				217B7B6F2048296E00BFE6C7 /* GeoSampleTests.swift in Sources */,
			);
			runOnlyForDeploymentPostprocessing = 0;
		};
		217B7B712048296E00BFE6C7 /* Sources */ = {
			isa = PBXSourcesBuildPhase;
			buildActionMask = 2147483647;
			files = (
				217B7B7A2048296E00BFE6C7 /* GeoSampleUITests.swift in Sources */,
			);
			runOnlyForDeploymentPostprocessing = 0;
		};
/* End PBXSourcesBuildPhase section */

/* Begin PBXTargetDependency section */
		217B7B6C2048296E00BFE6C7 /* PBXTargetDependency */ = {
			isa = PBXTargetDependency;
			target = 217B7B552048296E00BFE6C7 /* GeoSample */;
			targetProxy = 217B7B6B2048296E00BFE6C7 /* PBXContainerItemProxy */;
		};
		217B7B772048296E00BFE6C7 /* PBXTargetDependency */ = {
			isa = PBXTargetDependency;
			target = 217B7B552048296E00BFE6C7 /* GeoSample */;
			targetProxy = 217B7B762048296E00BFE6C7 /* PBXContainerItemProxy */;
		};
/* End PBXTargetDependency section */

/* Begin PBXVariantGroup section */
		217B7B5D2048296E00BFE6C7 /* Main.storyboard */ = {
			isa = PBXVariantGroup;
			children = (
				217B7B5E2048296E00BFE6C7 /* Base */,
			);
			name = Main.storyboard;
			sourceTree = "<group>";
		};
		217B7B622048296E00BFE6C7 /* LaunchScreen.storyboard */ = {
			isa = PBXVariantGroup;
			children = (
				217B7B632048296E00BFE6C7 /* Base */,
			);
			name = LaunchScreen.storyboard;
			sourceTree = "<group>";
		};
/* End PBXVariantGroup section */

/* Begin XCBuildConfiguration section */
		217B7B7C2048296E00BFE6C7 /* Debug */ = {
			isa = XCBuildConfiguration;
			buildSettings = {
				ALWAYS_SEARCH_USER_PATHS = NO;
				CLANG_ANALYZER_NONNULL = YES;
				CLANG_ANALYZER_NUMBER_OBJECT_CONVERSION = YES_AGGRESSIVE;
				CLANG_CXX_LANGUAGE_STANDARD = "gnu++14";
				CLANG_CXX_LIBRARY = "libc++";
				CLANG_ENABLE_MODULES = YES;
				CLANG_ENABLE_OBJC_ARC = YES;
				CLANG_WARN_BLOCK_CAPTURE_AUTORELEASING = YES;
				CLANG_WARN_BOOL_CONVERSION = YES;
				CLANG_WARN_COMMA = YES;
				CLANG_WARN_CONSTANT_CONVERSION = YES;
				CLANG_WARN_DIRECT_OBJC_ISA_USAGE = YES_ERROR;
				CLANG_WARN_DOCUMENTATION_COMMENTS = YES;
				CLANG_WARN_EMPTY_BODY = YES;
				CLANG_WARN_ENUM_CONVERSION = YES;
				CLANG_WARN_INFINITE_RECURSION = YES;
				CLANG_WARN_INT_CONVERSION = YES;
				CLANG_WARN_NON_LITERAL_NULL_CONVERSION = YES;
				CLANG_WARN_OBJC_LITERAL_CONVERSION = YES;
				CLANG_WARN_OBJC_ROOT_CLASS = YES_ERROR;
				CLANG_WARN_RANGE_LOOP_ANALYSIS = YES;
				CLANG_WARN_STRICT_PROTOTYPES = YES;
				CLANG_WARN_SUSPICIOUS_MOVE = YES;
				CLANG_WARN_UNGUARDED_AVAILABILITY = YES_AGGRESSIVE;
				CLANG_WARN_UNREACHABLE_CODE = YES;
				CLANG_WARN__DUPLICATE_METHOD_MATCH = YES;
				CODE_SIGN_IDENTITY = "iPhone Developer";
				COPY_PHASE_STRIP = NO;
				DEBUG_INFORMATION_FORMAT = dwarf;
				ENABLE_STRICT_OBJC_MSGSEND = YES;
				ENABLE_TESTABILITY = YES;
				GCC_C_LANGUAGE_STANDARD = gnu11;
				GCC_DYNAMIC_NO_PIC = NO;
				GCC_NO_COMMON_BLOCKS = YES;
				GCC_OPTIMIZATION_LEVEL = 0;
				GCC_PREPROCESSOR_DEFINITIONS = (
					"DEBUG=1",
					"$(inherited)",
				);
				GCC_WARN_64_TO_32_BIT_CONVERSION = YES;
				GCC_WARN_ABOUT_RETURN_TYPE = YES_ERROR;
				GCC_WARN_UNDECLARED_SELECTOR = YES;
				GCC_WARN_UNINITIALIZED_AUTOS = YES_AGGRESSIVE;
				GCC_WARN_UNUSED_FUNCTION = YES;
				GCC_WARN_UNUSED_VARIABLE = YES;
				IPHONEOS_DEPLOYMENT_TARGET = 11.0;
				MTL_ENABLE_DEBUG_INFO = YES;
				ONLY_ACTIVE_ARCH = YES;
				SDKROOT = iphoneos;
				SWIFT_ACTIVE_COMPILATION_CONDITIONS = DEBUG;
				SWIFT_OPTIMIZATION_LEVEL = "-Onone";
			};
			name = Debug;
		};
		217B7B7D2048296E00BFE6C7 /* Release */ = {
			isa = XCBuildConfiguration;
			buildSettings = {
				ALWAYS_SEARCH_USER_PATHS = NO;
				CLANG_ANALYZER_NONNULL = YES;
				CLANG_ANALYZER_NUMBER_OBJECT_CONVERSION = YES_AGGRESSIVE;
				CLANG_CXX_LANGUAGE_STANDARD = "gnu++14";
				CLANG_CXX_LIBRARY = "libc++";
				CLANG_ENABLE_MODULES = YES;
				CLANG_ENABLE_OBJC_ARC = YES;
				CLANG_WARN_BLOCK_CAPTURE_AUTORELEASING = YES;
				CLANG_WARN_BOOL_CONVERSION = YES;
				CLANG_WARN_COMMA = YES;
				CLANG_WARN_CONSTANT_CONVERSION = YES;
				CLANG_WARN_DIRECT_OBJC_ISA_USAGE = YES_ERROR;
				CLANG_WARN_DOCUMENTATION_COMMENTS = YES;
				CLANG_WARN_EMPTY_BODY = YES;
				CLANG_WARN_ENUM_CONVERSION = YES;
				CLANG_WARN_INFINITE_RECURSION = YES;
				CLANG_WARN_INT_CONVERSION = YES;
				CLANG_WARN_NON_LITERAL_NULL_CONVERSION = YES;
				CLANG_WARN_OBJC_LITERAL_CONVERSION = YES;
				CLANG_WARN_OBJC_ROOT_CLASS = YES_ERROR;
				CLANG_WARN_RANGE_LOOP_ANALYSIS = YES;
				CLANG_WARN_STRICT_PROTOTYPES = YES;
				CLANG_WARN_SUSPICIOUS_MOVE = YES;
				CLANG_WARN_UNGUARDED_AVAILABILITY = YES_AGGRESSIVE;
				CLANG_WARN_UNREACHABLE_CODE = YES;
				CLANG_WARN__DUPLICATE_METHOD_MATCH = YES;
				CODE_SIGN_IDENTITY = "iPhone Developer";
				COPY_PHASE_STRIP = NO;
				DEBUG_INFORMATION_FORMAT = "dwarf-with-dsym";
				ENABLE_NS_ASSERTIONS = NO;
				ENABLE_STRICT_OBJC_MSGSEND = YES;
				GCC_C_LANGUAGE_STANDARD = gnu11;
				GCC_NO_COMMON_BLOCKS = YES;
				GCC_WARN_64_TO_32_BIT_CONVERSION = YES;
				GCC_WARN_ABOUT_RETURN_TYPE = YES_ERROR;
				GCC_WARN_UNDECLARED_SELECTOR = YES;
				GCC_WARN_UNINITIALIZED_AUTOS = YES_AGGRESSIVE;
				GCC_WARN_UNUSED_FUNCTION = YES;
				GCC_WARN_UNUSED_VARIABLE = YES;
				IPHONEOS_DEPLOYMENT_TARGET = 11.0;
				MTL_ENABLE_DEBUG_INFO = NO;
				SDKROOT = iphoneos;
				SWIFT_OPTIMIZATION_LEVEL = "-Owholemodule";
				VALIDATE_PRODUCT = YES;
			};
			name = Release;
		};
		217B7B7F2048296E00BFE6C7 /* Debug */ = {
			isa = XCBuildConfiguration;
			buildSettings = {
				ASSETCATALOG_COMPILER_APPICON_NAME = AppIcon;
				CODE_SIGN_STYLE = Automatic;
				DEVELOPMENT_TEAM = H268L5WN29;
				INFOPLIST_FILE = GeoSample/Info.plist;
				LD_RUNPATH_SEARCH_PATHS = "$(inherited) @executable_path/Frameworks";
				PRODUCT_BUNDLE_IDENTIFIER = keisukeokamoto.GeoSample;
				PRODUCT_NAME = "$(TARGET_NAME)";
				SWIFT_VERSION = 4.0;
				TARGETED_DEVICE_FAMILY = "1,2";
			};
			name = Debug;
		};
		217B7B802048296E00BFE6C7 /* Release */ = {
			isa = XCBuildConfiguration;
			buildSettings = {
				ASSETCATALOG_COMPILER_APPICON_NAME = AppIcon;
				CODE_SIGN_STYLE = Automatic;
				DEVELOPMENT_TEAM = H268L5WN29;
				INFOPLIST_FILE = GeoSample/Info.plist;
				LD_RUNPATH_SEARCH_PATHS = "$(inherited) @executable_path/Frameworks";
				PRODUCT_BUNDLE_IDENTIFIER = keisukeokamoto.GeoSample;
				PRODUCT_NAME = "$(TARGET_NAME)";
				SWIFT_VERSION = 4.0;
				TARGETED_DEVICE_FAMILY = "1,2";
			};
			name = Release;
		};
		217B7B822048296E00BFE6C7 /* Debug */ = {
			isa = XCBuildConfiguration;
			buildSettings = {
				ALWAYS_EMBED_SWIFT_STANDARD_LIBRARIES = YES;
				BUNDLE_LOADER = "$(TEST_HOST)";
				CODE_SIGN_STYLE = Automatic;
				DEVELOPMENT_TEAM = H268L5WN29;
				INFOPLIST_FILE = GeoSampleTests/Info.plist;
				LD_RUNPATH_SEARCH_PATHS = "$(inherited) @executable_path/Frameworks @loader_path/Frameworks";
				PRODUCT_BUNDLE_IDENTIFIER = keisukeokamoto.GeoSampleTests;
				PRODUCT_NAME = "$(TARGET_NAME)";
				SWIFT_VERSION = 4.0;
				TARGETED_DEVICE_FAMILY = "1,2";
				TEST_HOST = "$(BUILT_PRODUCTS_DIR)/GeoSample.app/GeoSample";
			};
			name = Debug;
		};
		217B7B832048296E00BFE6C7 /* Release */ = {
			isa = XCBuildConfiguration;
			buildSettings = {
				ALWAYS_EMBED_SWIFT_STANDARD_LIBRARIES = YES;
				BUNDLE_LOADER = "$(TEST_HOST)";
				CODE_SIGN_STYLE = Automatic;
				DEVELOPMENT_TEAM = H268L5WN29;
				INFOPLIST_FILE = GeoSampleTests/Info.plist;
				LD_RUNPATH_SEARCH_PATHS = "$(inherited) @executable_path/Frameworks @loader_path/Frameworks";
				PRODUCT_BUNDLE_IDENTIFIER = keisukeokamoto.GeoSampleTests;
				PRODUCT_NAME = "$(TARGET_NAME)";
				SWIFT_VERSION = 4.0;
				TARGETED_DEVICE_FAMILY = "1,2";
				TEST_HOST = "$(BUILT_PRODUCTS_DIR)/GeoSample.app/GeoSample";
			};
			name = Release;
		};
		217B7B852048296E00BFE6C7 /* Debug */ = {
			isa = XCBuildConfiguration;
			buildSettings = {
				ALWAYS_EMBED_SWIFT_STANDARD_LIBRARIES = YES;
				CODE_SIGN_STYLE = Automatic;
				DEVELOPMENT_TEAM = H268L5WN29;
				INFOPLIST_FILE = GeoSampleUITests/Info.plist;
				LD_RUNPATH_SEARCH_PATHS = "$(inherited) @executable_path/Frameworks @loader_path/Frameworks";
				PRODUCT_BUNDLE_IDENTIFIER = keisukeokamoto.GeoSampleUITests;
				PRODUCT_NAME = "$(TARGET_NAME)";
				SWIFT_VERSION = 4.0;
				TARGETED_DEVICE_FAMILY = "1,2";
				TEST_TARGET_NAME = GeoSample;
			};
			name = Debug;
		};
		217B7B862048296E00BFE6C7 /* Release */ = {
			isa = XCBuildConfiguration;
			buildSettings = {
				ALWAYS_EMBED_SWIFT_STANDARD_LIBRARIES = YES;
				CODE_SIGN_STYLE = Automatic;
				DEVELOPMENT_TEAM = H268L5WN29;
				INFOPLIST_FILE = GeoSampleUITests/Info.plist;
				LD_RUNPATH_SEARCH_PATHS = "$(inherited) @executable_path/Frameworks @loader_path/Frameworks";
				PRODUCT_BUNDLE_IDENTIFIER = keisukeokamoto.GeoSampleUITests;
				PRODUCT_NAME = "$(TARGET_NAME)";
				SWIFT_VERSION = 4.0;
				TARGETED_DEVICE_FAMILY = "1,2";
				TEST_TARGET_NAME = GeoSample;
			};
			name = Release;
		};
/* End XCBuildConfiguration section */

/* Begin XCConfigurationList section */
		217B7B512048296E00BFE6C7 /* Build configuration list for PBXProject "GeoSample" */ = {
			isa = XCConfigurationList;
			buildConfigurations = (
				217B7B7C2048296E00BFE6C7 /* Debug */,
				217B7B7D2048296E00BFE6C7 /* Release */,
			);
			defaultConfigurationIsVisible = 0;
			defaultConfigurationName = Release;
		};
		217B7B7E2048296E00BFE6C7 /* Build configuration list for PBXNativeTarget "GeoSample" */ = {
			isa = XCConfigurationList;
			buildConfigurations = (
				217B7B7F2048296E00BFE6C7 /* Debug */,
				217B7B802048296E00BFE6C7 /* Release */,
			);
			defaultConfigurationIsVisible = 0;
			defaultConfigurationName = Release;
		};
		217B7B812048296E00BFE6C7 /* Build configuration list for PBXNativeTarget "GeoSampleTests" */ = {
			isa = XCConfigurationList;
			buildConfigurations = (
				217B7B822048296E00BFE6C7 /* Debug */,
				217B7B832048296E00BFE6C7 /* Release */,
			);
			defaultConfigurationIsVisible = 0;
			defaultConfigurationName = Release;
		};
		217B7B842048296E00BFE6C7 /* Build configuration list for PBXNativeTarget "GeoSampleUITests" */ = {
			isa = XCConfigurationList;
			buildConfigurations = (
				217B7B852048296E00BFE6C7 /* Debug */,
				217B7B862048296E00BFE6C7 /* Release */,
			);
			defaultConfigurationIsVisible = 0;
			defaultConfigurationName = Release;
		};
/* End XCConfigurationList section */
	};
	rootObject = 217B7B4E2048296E00BFE6C7 /* Project object */;
}
